# This is a Gradle generated file for dependency locking.
# Manual edits can break the build and are not advised.
# This file is expected to be part of source control.
ch.qos.logback:logback-classic:1.2.9=spotless-1972455328
ch.qos.logback:logback-core:1.2.9=spotless-1972455328
com.github.shyiko.klob:klob:0.2.1=spotless-1972455328
com.pinterest.ktlint:ktlint-core:0.44.0=spotless-1972455328
com.pinterest.ktlint:ktlint-reporter-baseline:0.44.0=spotless-1972455328
com.pinterest.ktlint:ktlint-reporter-checkstyle:0.44.0=spotless-1972455328
com.pinterest.ktlint:ktlint-reporter-html:0.44.0=spotless-1972455328
com.pinterest.ktlint:ktlint-reporter-json:0.44.0=spotless-1972455328
com.pinterest.ktlint:ktlint-reporter-plain:0.44.0=spotless-1972455328
com.pinterest.ktlint:ktlint-reporter-sarif:0.44.0=spotless-1972455328
com.pinterest.ktlint:ktlint-ruleset-experimental:0.44.0=spotless-1972455328
com.pinterest.ktlint:ktlint-ruleset-standard:0.44.0=spotless-1972455328
com.pinterest.ktlint:ktlint-ruleset-test:0.44.0=spotless-1972455328
com.pinterest:ktlint:0.44.0=spotless-1972455328
info.picocli:picocli:3.9.6=spotless-1972455328
io.github.detekt.sarif4k:sarif4k:0.0.1=spotless-1972455328
io.github.microutils:kotlin-logging-jvm:2.1.21=spotless-1972455328
net.java.dev.jna:jna:5.6.0=spotless-1972455328
org.ec4j.core:ec4j-core:0.3.0=spotless-1972455328
org.jetbrains.intellij.deps:trove4j:1.0.20181211=spotless-1972455328
org.jetbrains.kotlin:kotlin-compiler-embeddable:1.6.0=spotless-1972455328
org.jetbrains.kotlin:kotlin-daemon-embeddable:1.6.0=spotless-1972455328
org.jetbrains.kotlin:kotlin-reflect:1.6.0=spotless-1972455328
org.jetbrains.kotlin:kotlin-script-runtime:1.6.0=spotless-1972455328
org.jetbrains.kotlin:kotlin-stdlib-common:1.6.0=spotless-1972455328
org.jetbrains.kotlin:kotlin-stdlib-jdk7:1.6.0=spotless-1972455328
org.jetbrains.kotlin:kotlin-stdlib-jdk8:1.6.0=spotless-1972455328
org.jetbrains.kotlin:kotlin-stdlib:1.6.0=spotless-1972455328
org.jetbrains.kotlinx:kotlinx-serialization-core-jvm:1.1.0=spotless-1972455328
org.jetbrains.kotlinx:kotlinx-serialization-core:1.1.0=spotless-1972455328
org.jetbrains.kotlinx:kotlinx-serialization-json-jvm:1.1.0=spotless-1972455328
org.jetbrains.kotlinx:kotlinx-serialization-json:1.1.0=spotless-1972455328
org.jetbrains:annotations:13.0=spotless-1972455328
org.slf4j:slf4j-api:1.7.32=spotless-1972455328
empty=
