# This is a Gradle generated file for dependency locking.
# Manual edits can break the build and are not advised.
# This file is expected to be part of source control.
com.github.shyiko.klob:klob:0.2.1=ktlint
com.google.code.findbugs:jsr305:3.0.2=googleJavaFormat1.7
com.google.errorprone:error_prone_annotations:2.2.0=googleJavaFormat1.7
com.google.errorprone:javac-shaded:9+181-r4173-1=googleJavaFormat1.7
com.google.googlejavaformat:google-java-format:1.7=googleJavaFormat1.7
com.google.guava:failureaccess:1.0.1=googleJavaFormat1.7
com.google.guava:guava:27.0.1-jre=googleJavaFormat1.7
com.google.guava:listenablefuture:9999.0-empty-to-avoid-conflict-with-guava=googleJavaFormat1.7
com.google.j2objc:j2objc-annotations:1.1=googleJavaFormat1.7
com.pinterest.ktlint:ktlint-core:0.40.0=ktlint
com.pinterest.ktlint:ktlint-reporter-baseline:0.40.0=ktlint
com.pinterest.ktlint:ktlint-reporter-checkstyle:0.40.0=ktlint
com.pinterest.ktlint:ktlint-reporter-html:0.40.0=ktlint
com.pinterest.ktlint:ktlint-reporter-json:0.40.0=ktlint
com.pinterest.ktlint:ktlint-reporter-plain:0.40.0=ktlint
com.pinterest.ktlint:ktlint-ruleset-experimental:0.40.0=ktlint
com.pinterest.ktlint:ktlint-ruleset-standard:0.40.0=ktlint
com.pinterest.ktlint:ktlint-ruleset-test:0.40.0=ktlint
com.pinterest:ktlint:0.40.0=ktlint
info.picocli:picocli:3.9.6=ktlint
org.checkerframework:checker-qual:2.5.2=googleJavaFormat1.7
org.codehaus.mojo:animal-sniffer-annotations:1.17=googleJavaFormat1.7
org.ec4j.core:ec4j-core:0.2.2=ktlint
org.jetbrains.intellij.deps:trove4j:1.0.20181211=ktlint
org.jetbrains.kotlin:kotlin-compiler-embeddable:1.4.10=ktlint
org.jetbrains.kotlin:kotlin-daemon-embeddable:1.4.10=ktlint
org.jetbrains.kotlin:kotlin-reflect:1.4.10=ktlint
org.jetbrains.kotlin:kotlin-script-runtime:1.4.10=ktlint
org.jetbrains.kotlin:kotlin-stdlib-common:1.4.10=ktlint
org.jetbrains.kotlin:kotlin-stdlib:1.4.10=ktlint
org.jetbrains:annotations:13.0=ktlint
empty=ktlintReporter,ktlintRuleset
