# This is a Gradle generated file for dependency locking.
# Manual edits can break the build and are not advised.
# This file is expected to be part of source control.
com.github.shyiko.klob:klob:0.2.1=spotless-1972459172
com.pinterest.ktlint:ktlint-core:0.40.0=spotless-1972459172
com.pinterest.ktlint:ktlint-reporter-baseline:0.40.0=spotless-1972459172
com.pinterest.ktlint:ktlint-reporter-checkstyle:0.40.0=spotless-1972459172
com.pinterest.ktlint:ktlint-reporter-html:0.40.0=spotless-1972459172
com.pinterest.ktlint:ktlint-reporter-json:0.40.0=spotless-1972459172
com.pinterest.ktlint:ktlint-reporter-plain:0.40.0=spotless-1972459172
com.pinterest.ktlint:ktlint-ruleset-experimental:0.40.0=spotless-1972459172
com.pinterest.ktlint:ktlint-ruleset-standard:0.40.0=spotless-1972459172
com.pinterest.ktlint:ktlint-ruleset-test:0.40.0=spotless-1972459172
com.pinterest:ktlint:0.40.0=spotless-1972459172
info.picocli:picocli:3.9.6=spotless-1972459172
org.ec4j.core:ec4j-core:0.2.2=spotless-1972459172
org.jetbrains.intellij.deps:trove4j:1.0.20181211=spotless-1972459172
org.jetbrains.kotlin:kotlin-compiler-embeddable:1.4.10=spotless-1972459172
org.jetbrains.kotlin:kotlin-daemon-embeddable:1.4.10=spotless-1972459172
org.jetbrains.kotlin:kotlin-reflect:1.4.10=spotless-1972459172
org.jetbrains.kotlin:kotlin-script-runtime:1.4.10=spotless-1972459172
org.jetbrains.kotlin:kotlin-stdlib-common:1.4.10=spotless-1972459172
org.jetbrains.kotlin:kotlin-stdlib:1.4.10=spotless-1972459172
org.jetbrains:annotations:13.0=spotless-1972459172
empty=
