# This is a Gradle generated file for dependency locking.
# Manual edits can break the build and are not advised.
# This file is expected to be part of source control.
com.github.ben-manes.caffeine:caffeine:2.8.8=annotationProcessor,errorprone,testAnnotationProcessor
com.github.kevinstern:software-and-algorithms:1.0=annotationProcessor,errorprone,testAnnotationProcessor
com.github.shyiko.klob:klob:0.2.1=ktlint
com.google.auto.service:auto-service-annotations:1.0-rc6=errorprone,testAnnotationProcessor
com.google.auto.service:auto-service-annotations:1.0-rc7=annotationProcessor,compileClasspath,testCompileClasspath
com.google.auto.service:auto-service:1.0-rc7=annotationProcessor
com.google.auto.value:auto-value-annotations:1.7=annotationProcessor,errorprone,testAnnotationProcessor
com.google.auto.value:auto-value-annotations:1.7.4=testCompileClasspath,testRuntimeClasspath
com.google.auto.value:auto-value:1.7.4=testCompileClasspath,testRuntimeClasspath
com.google.auto:auto-common:0.10=annotationProcessor,errorprone,testAnnotationProcessor
com.google.auto:auto-common:0.11=testCompileClasspath,testRuntimeClasspath
com.google.code.findbugs:jFormatString:3.0.0=annotationProcessor,errorprone,testAnnotationProcessor
com.google.code.findbugs:jsr305:3.0.2=annotationProcessor,errorprone,testAnnotationProcessor,testCompileClasspath,testRuntimeClasspath
com.google.errorprone:error_prone_annotation:2.5.1=annotationProcessor,errorprone,testAnnotationProcessor
com.google.errorprone:error_prone_annotations:2.4.0=testCompileClasspath,testRuntimeClasspath
com.google.errorprone:error_prone_annotations:2.5.1=annotationProcessor,errorprone,testAnnotationProcessor
com.google.errorprone:error_prone_check_api:2.5.1=annotationProcessor,errorprone,testAnnotationProcessor
com.google.errorprone:error_prone_core:2.5.1=annotationProcessor,errorprone,testAnnotationProcessor
com.google.errorprone:error_prone_type_annotations:2.5.1=annotationProcessor,errorprone,testAnnotationProcessor
com.google.errorprone:javac:9+181-r4173-1=errorproneJavac
com.google.guava:failureaccess:1.0.1=annotationProcessor,errorprone,testAnnotationProcessor,testCompileClasspath,testRuntimeClasspath
com.google.guava:guava:30.0-jre=testCompileClasspath,testRuntimeClasspath
com.google.guava:guava:30.1-jre=annotationProcessor,errorprone,testAnnotationProcessor
com.google.guava:listenablefuture:9999.0-empty-to-avoid-conflict-with-guava=annotationProcessor,errorprone,testAnnotationProcessor,testCompileClasspath,testRuntimeClasspath
com.google.j2objc:j2objc-annotations:1.3=annotationProcessor,errorprone,testAnnotationProcessor,testCompileClasspath,testRuntimeClasspath
com.google.protobuf:protobuf-java:3.4.0=annotationProcessor,errorprone,testAnnotationProcessor
com.google.testing.compile:compile-testing:0.19=testCompileClasspath,testRuntimeClasspath
com.google.truth:truth:1.1=testCompileClasspath,testRuntimeClasspath
com.pinterest.ktlint:ktlint-core:0.40.0=ktlint
com.pinterest.ktlint:ktlint-reporter-baseline:0.40.0=ktlint
com.pinterest.ktlint:ktlint-reporter-checkstyle:0.40.0=ktlint
com.pinterest.ktlint:ktlint-reporter-html:0.40.0=ktlint
com.pinterest.ktlint:ktlint-reporter-json:0.40.0=ktlint
com.pinterest.ktlint:ktlint-reporter-plain:0.40.0=ktlint
com.pinterest.ktlint:ktlint-ruleset-experimental:0.40.0=ktlint
com.pinterest.ktlint:ktlint-ruleset-standard:0.40.0=ktlint
com.pinterest.ktlint:ktlint-ruleset-test:0.40.0=ktlint
com.pinterest:ktlint:0.40.0=ktlint
com.uber.nullaway:nullaway:0.8.0=annotationProcessor,errorprone,testAnnotationProcessor
info.picocli:picocli:3.9.6=ktlint
io.github.java-diff-utils:java-diff-utils:4.0=annotationProcessor,errorprone,testAnnotationProcessor
junit:junit:4.13.1=testCompileClasspath,testRuntimeClasspath
org.checkerframework:checker-qual:3.7.0=testCompileClasspath,testRuntimeClasspath
org.checkerframework:checker-qual:3.8.0=annotationProcessor,errorprone,testAnnotationProcessor
org.checkerframework:dataflow-shaded:3.7.1=annotationProcessor,errorprone,testAnnotationProcessor
org.ec4j.core:ec4j-core:0.2.2=ktlint
org.eclipse.jgit:org.eclipse.jgit:4.4.1.201607150455-r=annotationProcessor,errorprone,testAnnotationProcessor
org.hamcrest:hamcrest-core:1.3=testCompileClasspath,testRuntimeClasspath
org.jetbrains.intellij.deps:trove4j:1.0.20181211=ktlint
org.jetbrains.kotlin:kotlin-compiler-embeddable:1.4.10=ktlint
org.jetbrains.kotlin:kotlin-daemon-embeddable:1.4.10=ktlint
org.jetbrains.kotlin:kotlin-reflect:1.4.10=ktlint
org.jetbrains.kotlin:kotlin-script-runtime:1.4.10=ktlint
org.jetbrains.kotlin:kotlin-stdlib-common:1.4.10=ktlint
org.jetbrains.kotlin:kotlin-stdlib:1.4.10=ktlint
org.jetbrains:annotations:13.0=ktlint
org.ow2.asm:asm:9.0=testCompileClasspath,testRuntimeClasspath
org.pcollections:pcollections:2.1.2=annotationProcessor,errorprone,testAnnotationProcessor
empty=ktlintReporter,ktlintRuleset,runtimeClasspath,signatures
